// !$*UTF8*$!
{
	archiveVersion = 1;
	classes = {
	};
	objectVersion = 46;
	objects = {

/* Begin PBXBuildFile section */
		54128AEB1DCC43DC000814DA /* main.m in Sources */ = {isa = PBXBuildFile; fileRef = 54128AEA1DCC43DC000814DA /* main.m */; };
		54128AEE1DCC43DC000814DA /* AppDelegate.m in Sources */ = {isa = PBXBuildFile; fileRef = 54128AED1DCC43DC000814DA /* AppDelegate.m */; };
		54128AF11DCC43DC000814DA /* ViewController.m in Sources */ = {isa = PBXBuildFile; fileRef = 54128AF01DCC43DC000814DA /* ViewController.m */; };
		54128AF41DCC43DC000814DA /* Main.storyboard in Resources */ = {isa = PBXBuildFile; fileRef = 54128AF21DCC43DC000814DA /* Main.storyboard */; };
		54128AF61DCC43DC000814DA /* Assets.xcassets in Resources */ = {isa = PBXBuildFile; fileRef = 54128AF51DCC43DC000814DA /* Assets.xcassets */; };
		54128AF91DCC43DC000814DA /* LaunchScreen.storyboard in Resources */ = {isa = PBXBuildFile; fileRef = 54128AF71DCC43DC000814DA /* LaunchScreen.storyboard */; };
/* End PBXBuildFile section */

/* Begin PBXFileReference section */
		54128AE61DCC43DC000814DA /* doubleYAxisLineChart.app */ = {isa = PBXFileReference; explicitFileType = wrapper.application; includeInIndex = 0; path = doubleYAxisLineChart.app; sourceTree = BUILT_PRODUCTS_DIR; };
		54128AEA1DCC43DC000814DA /* main.m */ = {isa = PBXFileReference; lastKnownFileType = sourcecode.c.objc; path = main.m; sourceTree = "<group>"; };
		54128AEC1DCC43DC000814DA /* AppDelegate.h */ = {isa = PBXFileReference; lastKnownFileType = sourcecode.c.h; path = AppDelegate.h; sourceTree = "<group>"; };
		54128AED1DCC43DC000814DA /* AppDelegate.m */ = {isa = PBXFileReference; lastKnownFileType = sourcecode.c.objc; path = AppDelegate.m; sourceTree = "<group>"; };
		54128AEF1DCC43DC000814DA /* ViewController.h */ = {isa = PBXFileReference; lastKnownFileType = sourcecode.c.h; path = ViewController.h; sourceTree = "<group>"; };
		54128AF01DCC43DC000814DA /* ViewController.m */ = {isa = PBXFileReference; lastKnownFileType = sourcecode.c.objc; path = ViewController.m; sourceTree = "<group>"; };
		54128AF31DCC43DC000814DA /* Base */ = {isa = PBXFileReference; lastKnownFileType = file.storyboard; name = Base; path = Base.lproj/Main.storyboard; sourceTree = "<group>"; };
		54128AF51DCC43DC000814DA /* Assets.xcassets */ = {isa = PBXFileReference; lastKnownFileType = folder.assetcatalog; path = Assets.xcassets; sourceTree = "<group>"; };
		54128AF81DCC43DC000814DA /* Base */ = {isa = PBXFileReference; lastKnownFileType = file.storyboard; name = Base; path = Base.lproj/LaunchScreen.storyboard; sourceTree = "<group>"; };
		54128AFA1DCC43DC000814DA /* Info.plist */ = {isa = PBXFileReference; lastKnownFileType = text.plist.xml; path = Info.plist; sourceTree = "<group>"; };
/* End PBXFileReference section */

/* Begin PBXFrameworksBuildPhase section */
		54128AE31DCC43DC000814DA /* Frameworks */ = {
			isa = PBXFrameworksBuildPhase;
			buildActionMask = 2147483647;
			files = (
			);
			runOnlyForDeploymentPostprocessing = 0;
		};
/* End PBXFrameworksBuildPhase section */

/* Begin PBXGroup section */
		54128ADD1DCC43DC000814DA = {
			isa = PBXGroup;
			children = (
				54128AE81DCC43DC000814DA /* doubleYAxisLineChart */,
				54128AE71DCC43DC000814DA /* Products */,
			);
			sourceTree = "<group>";
		};
		54128AE71DCC43DC000814DA /* Products */ = {
			isa = PBXGroup;
			children = (
				54128AE61DCC43DC000814DA /* doubleYAxisLineChart.app */,
			);
			name = Products;
			sourceTree = "<group>";
		};
		54128AE81DCC43DC000814DA /* doubleYAxisLineChart */ = {
			isa = PBXGroup;
			children = (
				54128AEC1DCC43DC000814DA /* AppDelegate.h */,
				54128AED1DCC43DC000814DA /* AppDelegate.m */,
				54128AEF1DCC43DC000814DA /* ViewController.h */,
				54128AF01DCC43DC000814DA /* ViewController.m */,
				54128AF21DCC43DC000814DA /* Main.storyboard */,
				54128AF51DCC43DC000814DA /* Assets.xcassets */,
				54128AF71DCC43DC000814DA /* LaunchScreen.storyboard */,
				54128AFA1DCC43DC000814DA /* Info.plist */,
				54128AE91DCC43DC000814DA /* Supporting Files */,
			);
			path = doubleYAxisLineChart;
			sourceTree = "<group>";
		};
		54128AE91DCC43DC000814DA /* Supporting Files */ = {
			isa = PBXGroup;
			children = (
				54128AEA1DCC43DC000814DA /* main.m */,
			);
			name = "Supporting Files";
			sourceTree = "<group>";
		};
/* End PBXGroup section */

/* Begin PBXNativeTarget section */
		54128AE51DCC43DC000814DA /* doubleYAxisLineChart */ = {
			isa = PBXNativeTarget;
			buildConfigurationList = 54128AFD1DCC43DC000814DA /* Build configuration list for PBXNativeTarget "doubleYAxisLineChart" */;
			buildPhases = (
				54128AE21DCC43DC000814DA /* Sources */,
				54128AE31DCC43DC000814DA /* Frameworks */,
				54128AE41DCC43DC000814DA /* Resources */,
			);
			buildRules = (
			);
			dependencies = (
			);
			name = doubleYAxisLineChart;
			productName = doubleYAxisLineChart;
			productReference = 54128AE61DCC43DC000814DA /* doubleYAxisLineChart.app */;
			productType = "com.apple.product-type.application";
		};
/* End PBXNativeTarget section */

/* Begin PBXProject section */
		54128ADE1DCC43DC000814DA /* Project object */ = {
			isa = PBXProject;
			attributes = {
				LastUpgradeCheck = 0810;
				ORGANIZATIONNAME = "颜祥";
				TargetAttributes = {
					54128AE51DCC43DC000814DA = {
						CreatedOnToolsVersion = 8.1;
						DevelopmentTeam = 9LRV7M7Y64;
						ProvisioningStyle = Automatic;
					};
				};
			};
			buildConfigurationList = 54128AE11DCC43DC000814DA /* Build configuration list for PBXProject "doubleYAxisLineChart" */;
			compatibilityVersion = "Xcode 3.2";
			developmentRegion = English;
			hasScannedForEncodings = 0;
			knownRegions = (
				en,
				Base,
			);
			mainGroup = 54128ADD1DCC43DC000814DA;
			productRefGroup = 54128AE71DCC43DC000814DA /* Products */;
			projectDirPath = "";
			projectRoot = "";
			targets = (
				54128AE51DCC43DC000814DA /* doubleYAxisLineChart */,
			);
		};
/* End PBXProject section */

/* Begin PBXResourcesBuildPhase section */
		54128AE41DCC43DC000814DA /* Resources */ = {
			isa = PBXResourcesBuildPhase;
			buildActionMask = 2147483647;
			files = (
				54128AF91DCC43DC000814DA /* LaunchScreen.storyboard in Resources */,
				54128AF61DCC43DC000814DA /* Assets.xcassets in Resources */,
				54128AF41DCC43DC000814DA /* Main.storyboard in Resources */,
			);
			runOnlyForDeploymentPostprocessing = 0;
		};
/* End PBXResourcesBuildPhase section */

/* Begin PBXSourcesBuildPhase section */
		54128AE21DCC43DC000814DA /* Sources */ = {
			isa = PBXSourcesBuildPhase;
			buildActionMask = 2147483647;
			files = (
				54128AF11DCC43DC000814DA /* ViewController.m in Sources */,
				54128AEE1DCC43DC000814DA /* AppDelegate.m in Sources */,
				54128AEB1DCC43DC000814DA /* main.m in Sources */,
			);
			runOnlyForDeploymentPostprocessing = 0;
		};
/* End PBXSourcesBuildPhase section */

/* Begin PBXVariantGroup section */
		54128AF21DCC43DC000814DA /* Main.storyboard */ = {
			isa = PBXVariantGroup;
			children = (
				54128AF31DCC43DC000814DA /* Base */,
			);
			name = Main.storyboard;
			sourceTree = "<group>";
		};
		54128AF71DCC43DC000814DA /* LaunchScreen.storyboard */ = {
			isa = PBXVariantGroup;
			children = (
				54128AF81DCC43DC000814DA /* Base */,
			);
			name = LaunchScreen.storyboard;
			sourceTree = "<group>";
		};
/* End PBXVariantGroup section */

/* Begin XCBuildConfiguration section */
		54128AFB1DCC43DC000814DA /* Debug */ = {
			isa = XCBuildConfiguration;
			buildSettings = {
				ALWAYS_SEARCH_USER_PATHS = NO;
				CLANG_ANALYZER_NONNULL = YES;
				CLANG_CXX_LANGUAGE_STANDARD = "gnu++0x";
				CLANG_CXX_LIBRARY = "libc++";
				CLANG_ENABLE_MODULES = YES;
				CLANG_ENABLE_OBJC_ARC = YES;
				CLANG_WARN_BOOL_CONVERSION = YES;
				CLANG_WARN_CONSTANT_CONVERSION = YES;
				CLANG_WARN_DIRECT_OBJC_ISA_USAGE = YES_ERROR;
				CLANG_WARN_DOCUMENTATION_COMMENTS = YES;
				CLANG_WARN_EMPTY_BODY = YES;
				CLANG_WARN_ENUM_CONVERSION = YES;
				CLANG_WARN_INFINITE_RECURSION = YES;
				CLANG_WARN_INT_CONVERSION = YES;
				CLANG_WARN_OBJC_ROOT_CLASS = YES_ERROR;
				CLANG_WARN_SUSPICIOUS_MOVES = YES;
				CLANG_WARN_UNREACHABLE_CODE = YES;
				CLANG_WARN__DUPLICATE_METHOD_MATCH = YES;
				"CODE_SIGN_IDENTITY[sdk=iphoneos*]" = "iPhone Developer";
				COPY_PHASE_STRIP = NO;
				DEBUG_INFORMATION_FORMAT = dwarf;
				ENABLE_STRICT_OBJC_MSGSEND = YES;
				ENABLE_TESTABILITY = YES;
				GCC_C_LANGUAGE_STANDARD = gnu99;
				GCC_DYNAMIC_NO_PIC = NO;
				GCC_NO_COMMON_BLOCKS = YES;
				GCC_OPTIMIZATION_LEVEL = 0;
				GCC_PREPROCESSOR_DEFINITIONS = (
					"DEBUG=1",
					"$(inherited)",
				);
				GCC_WARN_64_TO_32_BIT_CONVERSION = YES;
				GCC_WARN_ABOUT_RETURN_TYPE = YES_ERROR;
				GCC_WARN_UNDECLARED_SELECTOR = YES;
				GCC_WARN_UNINITIALIZED_AUTOS = YES_AGGRESSIVE;
				GCC_WARN_UNUSED_FUNCTION = YES;
				GCC_WARN_UNUSED_VARIABLE = YES;
				IPHONEOS_DEPLOYMENT_TARGET = 10.1;
				MTL_ENABLE_DEBUG_INFO = YES;
				ONLY_ACTIVE_ARCH = YES;
				SDKROOT = iphoneos;
			};
			name = Debug;
		};
		54128AFC1DCC43DC000814DA /* Release */ = {
			isa = XCBuildConfiguration;
			buildSettings = {
				ALWAYS_SEARCH_USER_PATHS = NO;
				CLANG_ANALYZER_NONNULL = YES;
				CLANG_CXX_LANGUAGE_STANDARD = "gnu++0x";
				CLANG_CXX_LIBRARY = "libc++";
				CLANG_ENABLE_MODULES = YES;
				CLANG_ENABLE_OBJC_ARC = YES;
				CLANG_WARN_BOOL_CONVERSION = YES;
				CLANG_WARN_CONSTANT_CONVERSION = YES;
				CLANG_WARN_DIRECT_OBJC_ISA_USAGE = YES_ERROR;
				CLANG_WARN_DOCUMENTATION_COMMENTS = YES;
				CLANG_WARN_EMPTY_BODY = YES;
				CLANG_WARN_ENUM_CONVERSION = YES;
				CLANG_WARN_INFINITE_RECURSION = YES;
				CLANG_WARN_INT_CONVERSION = YES;
				CLANG_WARN_OBJC_ROOT_CLASS = YES_ERROR;
				CLANG_WARN_SUSPICIOUS_MOVES = YES;
				CLANG_WARN_UNREACHABLE_CODE = YES;
				CLANG_WARN__DUPLICATE_METHOD_MATCH = YES;
				"CODE_SIGN_IDENTITY[sdk=iphoneos*]" = "iPhone Developer";
				COPY_PHASE_STRIP = NO;
				DEBUG_INFORMATION_FORMAT = "dwarf-with-dsym";
				ENABLE_NS_ASSERTIONS = NO;
				ENABLE_STRICT_OBJC_MSGSEND = YES;
				GCC_C_LANGUAGE_STANDARD = gnu99;
				GCC_NO_COMMON_BLOCKS = YES;
				GCC_WARN_64_TO_32_BIT_CONVERSION = YES;
				GCC_WARN_ABOUT_RETURN_TYPE = YES_ERROR;
				GCC_WARN_UNDECLARED_SELECTOR = YES;
				GCC_WARN_UNINITIALIZED_AUTOS = YES_AGGRESSIVE;
				GCC_WARN_UNUSED_FUNCTION = YES;
				GCC_WARN_UNUSED_VARIABLE = YES;
				IPHONEOS_DEPLOYMENT_TARGET = 10.1;
				MTL_ENABLE_DEBUG_INFO = NO;
				SDKROOT = iphoneos;
				VALIDATE_PRODUCT = YES;
			};
			name = Release;
		};
		54128AFE1DCC43DC000814DA /* Debug */ = {
			isa = XCBuildConfiguration;
			buildSettings = {
				ASSETCATALOG_COMPILER_APPICON_NAME = AppIcon;
				DEVELOPMENT_TEAM = 9LRV7M7Y64;
				INFOPLIST_FILE = doubleYAxisLineChart/Info.plist;
				LD_RUNPATH_SEARCH_PATHS = "$(inherited) @executable_path/Frameworks";
				PRODUCT_BUNDLE_IDENTIFIER = com.yanxiang.doubleYAxisLineChart;
				PRODUCT_NAME = "$(TARGET_NAME)";
			};
			name = Debug;
		};
		54128AFF1DCC43DC000814DA /* Release */ = {
			isa = XCBuildConfiguration;
			buildSettings = {
				ASSETCATALOG_COMPILER_APPICON_NAME = AppIcon;
				DEVELOPMENT_TEAM = 9LRV7M7Y64;
				INFOPLIST_FILE = doubleYAxisLineChart/Info.plist;
				LD_RUNPATH_SEARCH_PATHS = "$(inherited) @executable_path/Frameworks";
				PRODUCT_BUNDLE_IDENTIFIER = com.yanxiang.doubleYAxisLineChart;
				PRODUCT_NAME = "$(TARGET_NAME)";
			};
			name = Release;
		};
/* End XCBuildConfiguration section */

/* Begin XCConfigurationList section */
		54128AE11DCC43DC000814DA /* Build configuration list for PBXProject "doubleYAxisLineChart" */ = {
			isa = XCConfigurationList;
			buildConfigurations = (
				54128AFB1DCC43DC000814DA /* Debug */,
				54128AFC1DCC43DC000814DA /* Release */,
			);
			defaultConfigurationIsVisible = 0;
			defaultConfigurationName = Release;
		};
		54128AFD1DCC43DC000814DA /* Build configuration list for PBXNativeTarget "doubleYAxisLineChart" */ = {
			isa = XCConfigurationList;
			buildConfigurations = (
				54128AFE1DCC43DC000814DA /* Debug */,
				54128AFF1DCC43DC000814DA /* Release */,
			);
			defaultConfigurationIsVisible = 0;
		};
/* End XCConfigurationList section */
	};
	rootObject = 54128ADE1DCC43DC000814DA /* Project object */;
}
